// !$*UTF8*$!
{
	archiveVersion = 1;
	classes = {
	};
	objectVersion = 48;
	objects = {

/* Begin PBXBuildFile section */
		3C6B37F5A707DDD2741CAE34 /* Pods_SDS_iOS_APPTests.framework in Frameworks */ = {isa = PBXBuildFile; fileRef = 8B8E006E805BACDDB1EB39D0 /* Pods_SDS_iOS_APPTests.framework */; };
		4195B042CEF6F4D70BBD42C1 /* Pods_SDS_iOS_APP.framework in Frameworks */ = {isa = PBXBuildFile; fileRef = B2FE6FA06442700E5310EBC7 /* Pods_SDS_iOS_APP.framework */; };
		E95530C02022BCAA00B0FBF1 /* FaceManageViewController.swift in Sources */ = {isa = PBXBuildFile; fileRef = E95530BF2022BCAA00B0FBF1 /* FaceManageViewController.swift */; };
		E95530C42023266B00B0FBF1 /* SVProgressHUD.framework in Frameworks */ = {isa = PBXBuildFile; fileRef = E95530C32023266B00B0FBF1 /* SVProgressHUD.framework */; };
		E95C27E62022017A009F24D6 /* SDSViewControllerType.swift in Sources */ = {isa = PBXBuildFile; fileRef = E95C27E52022017A009F24D6 /* SDSViewControllerType.swift */; };
		E95C27E820220A5E009F24D6 /* PersonViewController.swift in Sources */ = {isa = PBXBuildFile; fileRef = E95C27E720220A5E009F24D6 /* PersonViewController.swift */; };
		E982BAF22021D83F00311474 /* SDSAlertView.swift in Sources */ = {isa = PBXBuildFile; fileRef = E982BAF12021D83F00311474 /* SDSAlertView.swift */; };
		E98EF53A200B7DFA00EFC13D /* AppDelegate.swift in Sources */ = {isa = PBXBuildFile; fileRef = E98EF539200B7DFA00EFC13D /* AppDelegate.swift */; };
		E98EF53C200B7DFA00EFC13D /* PersonGroupsTableViewController.swift in Sources */ = {isa = PBXBuildFile; fileRef = E98EF53B200B7DFA00EFC13D /* PersonGroupsTableViewController.swift */; };
		E98EF53F200B7DFA00EFC13D /* Main.storyboard in Resources */ = {isa = PBXBuildFile; fileRef = E98EF53D200B7DFA00EFC13D /* Main.storyboard */; };
		E98EF541200B7DFA00EFC13D /* Assets.xcassets in Resources */ = {isa = PBXBuildFile; fileRef = E98EF540200B7DFA00EFC13D /* Assets.xcassets */; };
		E98EF544200B7DFA00EFC13D /* LaunchScreen.storyboard in Resources */ = {isa = PBXBuildFile; fileRef = E98EF542200B7DFA00EFC13D /* LaunchScreen.storyboard */; };
		E98EF54F200B7DFA00EFC13D /* SDS_iOS_APPTests.swift in Sources */ = {isa = PBXBuildFile; fileRef = E98EF54E200B7DFA00EFC13D /* SDS_iOS_APPTests.swift */; };
		E992907A2018AA73008A2CBA /* PersonGroupViewController.swift in Sources */ = {isa = PBXBuildFile; fileRef = E99290792018AA73008A2CBA /* PersonGroupViewController.swift */; };
/* End PBXBuildFile section */

/* Begin PBXContainerItemProxy section */
		E98EF54B200B7DFA00EFC13D /* PBXContainerItemProxy */ = {
			isa = PBXContainerItemProxy;
			containerPortal = E98EF52E200B7DFA00EFC13D /* Project object */;
			proxyType = 1;
			remoteGlobalIDString = E98EF535200B7DFA00EFC13D;
			remoteInfo = "SDS-iOS-APP";
		};
/* End PBXContainerItemProxy section */

/* Begin PBXFileReference section */
		15C0643257352DF297C88210 /* Pods-SDS-iOS-APP.debug.xcconfig */ = {isa = PBXFileReference; includeInIndex = 1; lastKnownFileType = text.xcconfig; name = "Pods-SDS-iOS-APP.debug.xcconfig"; path = "Pods/Target Support Files/Pods-SDS-iOS-APP/Pods-SDS-iOS-APP.debug.xcconfig"; sourceTree = "<group>"; };
		552873C7F946487DC70EE135 /* Pods-SDS-iOS-APPTests.debug.xcconfig */ = {isa = PBXFileReference; includeInIndex = 1; lastKnownFileType = text.xcconfig; name = "Pods-SDS-iOS-APPTests.debug.xcconfig"; path = "Pods/Target Support Files/Pods-SDS-iOS-APPTests/Pods-SDS-iOS-APPTests.debug.xcconfig"; sourceTree = "<group>"; };
		8B8E006E805BACDDB1EB39D0 /* Pods_SDS_iOS_APPTests.framework */ = {isa = PBXFileReference; explicitFileType = wrapper.framework; includeInIndex = 0; path = Pods_SDS_iOS_APPTests.framework; sourceTree = BUILT_PRODUCTS_DIR; };
		9F9F7B1092C32B572D6F8BAF /* Pods-SDS-iOS-APPTests.release.xcconfig */ = {isa = PBXFileReference; includeInIndex = 1; lastKnownFileType = text.xcconfig; name = "Pods-SDS-iOS-APPTests.release.xcconfig"; path = "Pods/Target Support Files/Pods-SDS-iOS-APPTests/Pods-SDS-iOS-APPTests.release.xcconfig"; sourceTree = "<group>"; };
		B2FE6FA06442700E5310EBC7 /* Pods_SDS_iOS_APP.framework */ = {isa = PBXFileReference; explicitFileType = wrapper.framework; includeInIndex = 0; path = Pods_SDS_iOS_APP.framework; sourceTree = BUILT_PRODUCTS_DIR; };
		BCA75849903A94822C80724A /* Pods-SDS-iOS-APP.release.xcconfig */ = {isa = PBXFileReference; includeInIndex = 1; lastKnownFileType = text.xcconfig; name = "Pods-SDS-iOS-APP.release.xcconfig"; path = "Pods/Target Support Files/Pods-SDS-iOS-APP/Pods-SDS-iOS-APP.release.xcconfig"; sourceTree = "<group>"; };
		E95530BF2022BCAA00B0FBF1 /* FaceManageViewController.swift */ = {isa = PBXFileReference; lastKnownFileType = sourcecode.swift; path = FaceManageViewController.swift; sourceTree = "<group>"; };
		E95530C12023264F00B0FBF1 /* SVProgressHUD.framework.dSYM */ = {isa = PBXFileReference; lastKnownFileType = wrapper.dsym; name = SVProgressHUD.framework.dSYM; path = Carthage/Build/iOS/SVProgressHUD.framework.dSYM; sourceTree = "<group>"; };
		E95530C32023266B00B0FBF1 /* SVProgressHUD.framework */ = {isa = PBXFileReference; lastKnownFileType = wrapper.framework; name = SVProgressHUD.framework; path = Carthage/Build/iOS/SVProgressHUD.framework; sourceTree = "<group>"; };
		E95C27E52022017A009F24D6 /* SDSViewControllerType.swift */ = {isa = PBXFileReference; lastKnownFileType = sourcecode.swift; path = SDSViewControllerType.swift; sourceTree = "<group>"; };
		E95C27E720220A5E009F24D6 /* PersonViewController.swift */ = {isa = PBXFileReference; lastKnownFileType = sourcecode.swift; path = PersonViewController.swift; sourceTree = "<group>"; };
		E982BAF12021D83F00311474 /* SDSAlertView.swift */ = {isa = PBXFileReference; lastKnownFileType = sourcecode.swift; path = SDSAlertView.swift; sourceTree = "<group>"; };
		E98EF536200B7DFA00EFC13D /* SDS-iOS-APP.app */ = {isa = PBXFileReference; explicitFileType = wrapper.application; includeInIndex = 0; path = "SDS-iOS-APP.app"; sourceTree = BUILT_PRODUCTS_DIR; };
		E98EF539200B7DFA00EFC13D /* AppDelegate.swift */ = {isa = PBXFileReference; lastKnownFileType = sourcecode.swift; path = AppDelegate.swift; sourceTree = "<group>"; };
		E98EF53B200B7DFA00EFC13D /* PersonGroupsTableViewController.swift */ = {isa = PBXFileReference; lastKnownFileType = sourcecode.swift; path = PersonGroupsTableViewController.swift; sourceTree = "<group>"; };
		E98EF53E200B7DFA00EFC13D /* Base */ = {isa = PBXFileReference; lastKnownFileType = file.storyboard; name = Base; path = Base.lproj/Main.storyboard; sourceTree = "<group>"; };
		E98EF540200B7DFA00EFC13D /* Assets.xcassets */ = {isa = PBXFileReference; lastKnownFileType = folder.assetcatalog; path = Assets.xcassets; sourceTree = "<group>"; };
		E98EF543200B7DFA00EFC13D /* Base */ = {isa = PBXFileReference; lastKnownFileType = file.storyboard; name = Base; path = Base.lproj/LaunchScreen.storyboard; sourceTree = "<group>"; };
		E98EF545200B7DFA00EFC13D /* Info.plist */ = {isa = PBXFileReference; lastKnownFileType = text.plist.xml; path = Info.plist; sourceTree = "<group>"; };
		E98EF54A200B7DFA00EFC13D /* SDS-iOS-APPTests.xctest */ = {isa = PBXFileReference; explicitFileType = wrapper.cfbundle; includeInIndex = 0; path = "SDS-iOS-APPTests.xctest"; sourceTree = BUILT_PRODUCTS_DIR; };
		E98EF54E200B7DFA00EFC13D /* SDS_iOS_APPTests.swift */ = {isa = PBXFileReference; lastKnownFileType = sourcecode.swift; path = SDS_iOS_APPTests.swift; sourceTree = "<group>"; };
		E98EF550200B7DFA00EFC13D /* Info.plist */ = {isa = PBXFileReference; lastKnownFileType = text.plist.xml; path = Info.plist; sourceTree = "<group>"; };
		E98EF55D200B911400EFC13D /* ProjectOxfordFace-Bridging-Header.h */ = {isa = PBXFileReference; lastKnownFileType = sourcecode.c.h; path = "ProjectOxfordFace-Bridging-Header.h"; sourceTree = "<group>"; };
		E99290792018AA73008A2CBA /* PersonGroupViewController.swift */ = {isa = PBXFileReference; lastKnownFileType = sourcecode.swift; path = PersonGroupViewController.swift; sourceTree = "<group>"; };
/* End PBXFileReference section */

/* Begin PBXFrameworksBuildPhase section */
		E98EF533200B7DFA00EFC13D /* Frameworks */ = {
			isa = PBXFrameworksBuildPhase;
			buildActionMask = 2147483647;
			files = (
				E95530C42023266B00B0FBF1 /* SVProgressHUD.framework in Frameworks */,
				4195B042CEF6F4D70BBD42C1 /* Pods_SDS_iOS_APP.framework in Frameworks */,
			);
			runOnlyForDeploymentPostprocessing = 0;
		};
		E98EF547200B7DFA00EFC13D /* Frameworks */ = {
			isa = PBXFrameworksBuildPhase;
			buildActionMask = 2147483647;
			files = (
				3C6B37F5A707DDD2741CAE34 /* Pods_SDS_iOS_APPTests.framework in Frameworks */,
			);
			runOnlyForDeploymentPostprocessing = 0;
		};
/* End PBXFrameworksBuildPhase section */

/* Begin PBXGroup section */
		2D2139ABF6737942F3A0D0A2 /* Frameworks */ = {
			isa = PBXGroup;
			children = (
				E95530C32023266B00B0FBF1 /* SVProgressHUD.framework */,
				E95530C12023264F00B0FBF1 /* SVProgressHUD.framework.dSYM */,
				B2FE6FA06442700E5310EBC7 /* Pods_SDS_iOS_APP.framework */,
				8B8E006E805BACDDB1EB39D0 /* Pods_SDS_iOS_APPTests.framework */,
			);
			name = Frameworks;
			sourceTree = "<group>";
		};
		D06EF6F31A7683A7AF839AF8 /* Pods */ = {
			isa = PBXGroup;
			children = (
				15C0643257352DF297C88210 /* Pods-SDS-iOS-APP.debug.xcconfig */,
				BCA75849903A94822C80724A /* Pods-SDS-iOS-APP.release.xcconfig */,
				552873C7F946487DC70EE135 /* Pods-SDS-iOS-APPTests.debug.xcconfig */,
				9F9F7B1092C32B572D6F8BAF /* Pods-SDS-iOS-APPTests.release.xcconfig */,
			);
			name = Pods;
			sourceTree = "<group>";
		};
		E982BAF02021D7F900311474 /* View */ = {
			isa = PBXGroup;
			children = (
				E982BAF12021D83F00311474 /* SDSAlertView.swift */,
			);
			path = View;
			sourceTree = "<group>";
		};
		E98EF52D200B7DFA00EFC13D = {
			isa = PBXGroup;
			children = (
				E98EF538200B7DFA00EFC13D /* SDS-iOS-APP */,
				E98EF54D200B7DFA00EFC13D /* SDS-iOS-APPTests */,
				E98EF537200B7DFA00EFC13D /* Products */,
				D06EF6F31A7683A7AF839AF8 /* Pods */,
				2D2139ABF6737942F3A0D0A2 /* Frameworks */,
			);
			sourceTree = "<group>";
		};
		E98EF537200B7DFA00EFC13D /* Products */ = {
			isa = PBXGroup;
			children = (
				E98EF536200B7DFA00EFC13D /* SDS-iOS-APP.app */,
				E98EF54A200B7DFA00EFC13D /* SDS-iOS-APPTests.xctest */,
			);
			name = Products;
			sourceTree = "<group>";
		};
		E98EF538200B7DFA00EFC13D /* SDS-iOS-APP */ = {
			isa = PBXGroup;
			children = (
				E982BAF02021D7F900311474 /* View */,
				E992C1B5201795AF00F1B509 /* ViewControllers */,
				E98EF55D200B911400EFC13D /* ProjectOxfordFace-Bridging-Header.h */,
				E98EF539200B7DFA00EFC13D /* AppDelegate.swift */,
				E98EF53D200B7DFA00EFC13D /* Main.storyboard */,
				E98EF540200B7DFA00EFC13D /* Assets.xcassets */,
				E98EF542200B7DFA00EFC13D /* LaunchScreen.storyboard */,
				E98EF545200B7DFA00EFC13D /* Info.plist */,
			);
			path = "SDS-iOS-APP";
			sourceTree = "<group>";
		};
		E98EF54D200B7DFA00EFC13D /* SDS-iOS-APPTests */ = {
			isa = PBXGroup;
			children = (
				E98EF54E200B7DFA00EFC13D /* SDS_iOS_APPTests.swift */,
				E98EF550200B7DFA00EFC13D /* Info.plist */,
			);
			path = "SDS-iOS-APPTests";
			sourceTree = "<group>";
		};
		E992C1B5201795AF00F1B509 /* ViewControllers */ = {
			isa = PBXGroup;
			children = (
				E95C27E52022017A009F24D6 /* SDSViewControllerType.swift */,
				E98EF53B200B7DFA00EFC13D /* PersonGroupsTableViewController.swift */,
				E99290792018AA73008A2CBA /* PersonGroupViewController.swift */,
				E95C27E720220A5E009F24D6 /* PersonViewController.swift */,
				E95530BF2022BCAA00B0FBF1 /* FaceManageViewController.swift */,
			);
			path = ViewControllers;
			sourceTree = "<group>";
		};
/* End PBXGroup section */

/* Begin PBXNativeTarget section */
		E98EF535200B7DFA00EFC13D /* SDS-iOS-APP */ = {
			isa = PBXNativeTarget;
			buildConfigurationList = E98EF553200B7DFA00EFC13D /* Build configuration list for PBXNativeTarget "SDS-iOS-APP" */;
			buildPhases = (
				36DC54BF0198A5AE60E0EE89 /* [CP] Check Pods Manifest.lock */,
				E98EF532200B7DFA00EFC13D /* Sources */,
				E98EF533200B7DFA00EFC13D /* Frameworks */,
				E98EF534200B7DFA00EFC13D /* Resources */,
				0DB2B34383E8A1AA29439E8A /* [CP] Embed Pods Frameworks */,
				D7DD41D8F47A9437E7F77D1B /* [CP] Copy Pods Resources */,
				E95530C52023269900B0FBF1 /* ShellScript */,
			);
			buildRules = (
			);
			dependencies = (
			);
			name = "SDS-iOS-APP";
			productName = "SDS-iOS-APP";
			productReference = E98EF536200B7DFA00EFC13D /* SDS-iOS-APP.app */;
			productType = "com.apple.product-type.application";
		};
		E98EF549200B7DFA00EFC13D /* SDS-iOS-APPTests */ = {
			isa = PBXNativeTarget;
			buildConfigurationList = E98EF556200B7DFA00EFC13D /* Build configuration list for PBXNativeTarget "SDS-iOS-APPTests" */;
			buildPhases = (
				4528247AA4EFF2F7B1248E5E /* [CP] Check Pods Manifest.lock */,
				E98EF546200B7DFA00EFC13D /* Sources */,
				E98EF547200B7DFA00EFC13D /* Frameworks */,
				E98EF548200B7DFA00EFC13D /* Resources */,
				6F89BCD601BAD89429C8D186 /* [CP] Embed Pods Frameworks */,
				7DC3222C5B29DABCAA2495C3 /* [CP] Copy Pods Resources */,
			);
			buildRules = (
			);
			dependencies = (
				E98EF54C200B7DFA00EFC13D /* PBXTargetDependency */,
			);
			name = "SDS-iOS-APPTests";
			productName = "SDS-iOS-APPTests";
			productReference = E98EF54A200B7DFA00EFC13D /* SDS-iOS-APPTests.xctest */;
			productType = "com.apple.product-type.bundle.unit-test";
		};
/* End PBXNativeTarget section */

/* Begin PBXProject section */
		E98EF52E200B7DFA00EFC13D /* Project object */ = {
			isa = PBXProject;
			attributes = {
				LastSwiftUpdateCheck = 0920;
				LastUpgradeCheck = 0920;
				ORGANIZATIONNAME = "石川諒";
				TargetAttributes = {
					E98EF535200B7DFA00EFC13D = {
						CreatedOnToolsVersion = 9.2;
						ProvisioningStyle = Automatic;
					};
					E98EF549200B7DFA00EFC13D = {
						CreatedOnToolsVersion = 9.2;
						ProvisioningStyle = Automatic;
						TestTargetID = E98EF535200B7DFA00EFC13D;
					};
				};
			};
			buildConfigurationList = E98EF531200B7DFA00EFC13D /* Build configuration list for PBXProject "SDS-iOS-APP" */;
			compatibilityVersion = "Xcode 8.0";
			developmentRegion = en;
			hasScannedForEncodings = 0;
			knownRegions = (
				en,
				Base,
			);
			mainGroup = E98EF52D200B7DFA00EFC13D;
			productRefGroup = E98EF537200B7DFA00EFC13D /* Products */;
			projectDirPath = "";
			projectRoot = "";
			targets = (
				E98EF535200B7DFA00EFC13D /* SDS-iOS-APP */,
				E98EF549200B7DFA00EFC13D /* SDS-iOS-APPTests */,
			);
		};
/* End PBXProject section */

/* Begin PBXResourcesBuildPhase section */
		E98EF534200B7DFA00EFC13D /* Resources */ = {
			isa = PBXResourcesBuildPhase;
			buildActionMask = 2147483647;
			files = (
				E98EF544200B7DFA00EFC13D /* LaunchScreen.storyboard in Resources */,
				E98EF541200B7DFA00EFC13D /* Assets.xcassets in Resources */,
				E98EF53F200B7DFA00EFC13D /* Main.storyboard in Resources */,
			);
			runOnlyForDeploymentPostprocessing = 0;
		};
		E98EF548200B7DFA00EFC13D /* Resources */ = {
			isa = PBXResourcesBuildPhase;
			buildActionMask = 2147483647;
			files = (
			);
			runOnlyForDeploymentPostprocessing = 0;
		};
/* End PBXResourcesBuildPhase section */

/* Begin PBXShellScriptBuildPhase section */
		0DB2B34383E8A1AA29439E8A /* [CP] Embed Pods Frameworks */ = {
			isa = PBXShellScriptBuildPhase;
			buildActionMask = 2147483647;
			files = (
			);
			inputPaths = (
				"${SRCROOT}/Pods/Target Support Files/Pods-SDS-iOS-APP/Pods-SDS-iOS-APP-frameworks.sh",
				"${BUILT_PRODUCTS_DIR}/Keys/Keys.framework",
				"${BUILT_PRODUCTS_DIR}/ProjectOxfordFace/ProjectOxfordFace.framework",
			);
			name = "[CP] Embed Pods Frameworks";
			outputPaths = (
				"${TARGET_BUILD_DIR}/${FRAMEWORKS_FOLDER_PATH}/Keys.framework",
				"${TARGET_BUILD_DIR}/${FRAMEWORKS_FOLDER_PATH}/ProjectOxfordFace.framework",
			);
			runOnlyForDeploymentPostprocessing = 0;
			shellPath = /bin/sh;
			shellScript = "\"${SRCROOT}/Pods/Target Support Files/Pods-SDS-iOS-APP/Pods-SDS-iOS-APP-frameworks.sh\"\n";
			showEnvVarsInLog = 0;
		};
		36DC54BF0198A5AE60E0EE89 /* [CP] Check Pods Manifest.lock */ = {
			isa = PBXShellScriptBuildPhase;
			buildActionMask = 2147483647;
			files = (
			);
			inputPaths = (
				"${PODS_PODFILE_DIR_PATH}/Podfile.lock",
				"${PODS_ROOT}/Manifest.lock",
			);
			name = "[CP] Check Pods Manifest.lock";
			outputPaths = (
				"$(DERIVED_FILE_DIR)/Pods-SDS-iOS-APP-checkManifestLockResult.txt",
			);
			runOnlyForDeploymentPostprocessing = 0;
			shellPath = /bin/sh;
			shellScript = "diff \"${PODS_PODFILE_DIR_PATH}/Podfile.lock\" \"${PODS_ROOT}/Manifest.lock\" > /dev/null\nif [ $? != 0 ] ; then\n    # print error to STDERR\n    echo \"error: The sandbox is not in sync with the Podfile.lock. Run 'pod install' or update your CocoaPods installation.\" >&2\n    exit 1\nfi\n# This output is used by Xcode 'outputs' to avoid re-running this script phase.\necho \"SUCCESS\" > \"${SCRIPT_OUTPUT_FILE_0}\"\n";
			showEnvVarsInLog = 0;
		};
		4528247AA4EFF2F7B1248E5E /* [CP] Check Pods Manifest.lock */ = {
			isa = PBXShellScriptBuildPhase;
			buildActionMask = 2147483647;
			files = (
			);
			inputPaths = (
				"${PODS_PODFILE_DIR_PATH}/Podfile.lock",
				"${PODS_ROOT}/Manifest.lock",
			);
			name = "[CP] Check Pods Manifest.lock";
			outputPaths = (
				"$(DERIVED_FILE_DIR)/Pods-SDS-iOS-APPTests-checkManifestLockResult.txt",
			);
			runOnlyForDeploymentPostprocessing = 0;
			shellPath = /bin/sh;
			shellScript = "diff \"${PODS_PODFILE_DIR_PATH}/Podfile.lock\" \"${PODS_ROOT}/Manifest.lock\" > /dev/null\nif [ $? != 0 ] ; then\n    # print error to STDERR\n    echo \"error: The sandbox is not in sync with the Podfile.lock. Run 'pod install' or update your CocoaPods installation.\" >&2\n    exit 1\nfi\n# This output is used by Xcode 'outputs' to avoid re-running this script phase.\necho \"SUCCESS\" > \"${SCRIPT_OUTPUT_FILE_0}\"\n";
			showEnvVarsInLog = 0;
		};
		6F89BCD601BAD89429C8D186 /* [CP] Embed Pods Frameworks */ = {
			isa = PBXShellScriptBuildPhase;
			buildActionMask = 2147483647;
			files = (
			);
			inputPaths = (
			);
			name = "[CP] Embed Pods Frameworks";
			outputPaths = (
			);
			runOnlyForDeploymentPostprocessing = 0;
			shellPath = /bin/sh;
			shellScript = "\"${SRCROOT}/Pods/Target Support Files/Pods-SDS-iOS-APPTests/Pods-SDS-iOS-APPTests-frameworks.sh\"\n";
			showEnvVarsInLog = 0;
		};
		7DC3222C5B29DABCAA2495C3 /* [CP] Copy Pods Resources */ = {
			isa = PBXShellScriptBuildPhase;
			buildActionMask = 2147483647;
			files = (
			);
			inputPaths = (
			);
			name = "[CP] Copy Pods Resources";
			outputPaths = (
			);
			runOnlyForDeploymentPostprocessing = 0;
			shellPath = /bin/sh;
			shellScript = "\"${SRCROOT}/Pods/Target Support Files/Pods-SDS-iOS-APPTests/Pods-SDS-iOS-APPTests-resources.sh\"\n";
			showEnvVarsInLog = 0;
		};
		D7DD41D8F47A9437E7F77D1B /* [CP] Copy Pods Resources */ = {
			isa = PBXShellScriptBuildPhase;
			buildActionMask = 2147483647;
			files = (
			);
			inputPaths = (
			);
			name = "[CP] Copy Pods Resources";
			outputPaths = (
			);
			runOnlyForDeploymentPostprocessing = 0;
			shellPath = /bin/sh;
			shellScript = "\"${SRCROOT}/Pods/Target Support Files/Pods-SDS-iOS-APP/Pods-SDS-iOS-APP-resources.sh\"\n";
			showEnvVarsInLog = 0;
		};
		E95530C52023269900B0FBF1 /* ShellScript */ = {
			isa = PBXShellScriptBuildPhase;
			buildActionMask = 2147483647;
			files = (
			);
			inputPaths = (
				"$(SRCROOT)/Carthage/Build/iOS/SVProgressHUD.framework",
			);
			outputPaths = (
			);
			runOnlyForDeploymentPostprocessing = 0;
			shellPath = /bin/sh;
			shellScript = "/usr/local/bin/carthage copy-frameworks";
		};
/* End PBXShellScriptBuildPhase section */

/* Begin PBXSourcesBuildPhase section */
		E98EF532200B7DFA00EFC13D /* Sources */ = {
			isa = PBXSourcesBuildPhase;
			buildActionMask = 2147483647;
			files = (
				E95530C02022BCAA00B0FBF1 /* FaceManageViewController.swift in Sources */,
				E95C27E62022017A009F24D6 /* SDSViewControllerType.swift in Sources */,
				E98EF53C200B7DFA00EFC13D /* PersonGroupsTableViewController.swift in Sources */,
				E95C27E820220A5E009F24D6 /* PersonViewController.swift in Sources */,
				E98EF53A200B7DFA00EFC13D /* AppDelegate.swift in Sources */,
				E992907A2018AA73008A2CBA /* PersonGroupViewController.swift in Sources */,
				E982BAF22021D83F00311474 /* SDSAlertView.swift in Sources */,
			);
			runOnlyForDeploymentPostprocessing = 0;
		};
		E98EF546200B7DFA00EFC13D /* Sources */ = {
			isa = PBXSourcesBuildPhase;
			buildActionMask = 2147483647;
			files = (
				E98EF54F200B7DFA00EFC13D /* SDS_iOS_APPTests.swift in Sources */,
			);
			runOnlyForDeploymentPostprocessing = 0;
		};
/* End PBXSourcesBuildPhase section */

/* Begin PBXTargetDependency section */
		E98EF54C200B7DFA00EFC13D /* PBXTargetDependency */ = {
			isa = PBXTargetDependency;
			target = E98EF535200B7DFA00EFC13D /* SDS-iOS-APP */;
			targetProxy = E98EF54B200B7DFA00EFC13D /* PBXContainerItemProxy */;
		};
/* End PBXTargetDependency section */

/* Begin PBXVariantGroup section */
		E98EF53D200B7DFA00EFC13D /* Main.storyboard */ = {
			isa = PBXVariantGroup;
			children = (
				E98EF53E200B7DFA00EFC13D /* Base */,
			);
			name = Main.storyboard;
			sourceTree = "<group>";
		};
		E98EF542200B7DFA00EFC13D /* LaunchScreen.storyboard */ = {
			isa = PBXVariantGroup;
			children = (
				E98EF543200B7DFA00EFC13D /* Base */,
			);
			name = LaunchScreen.storyboard;
			sourceTree = "<group>";
		};
/* End PBXVariantGroup section */

/* Begin XCBuildConfiguration section */
		E98EF551200B7DFA00EFC13D /* Debug */ = {
			isa = XCBuildConfiguration;
			buildSettings = {
				ALWAYS_SEARCH_USER_PATHS = NO;
				CLANG_ANALYZER_NONNULL = YES;
				CLANG_ANALYZER_NUMBER_OBJECT_CONVERSION = YES_AGGRESSIVE;
				CLANG_CXX_LANGUAGE_STANDARD = "gnu++14";
				CLANG_CXX_LIBRARY = "libc++";
				CLANG_ENABLE_MODULES = YES;
				CLANG_ENABLE_OBJC_ARC = YES;
				CLANG_WARN_BLOCK_CAPTURE_AUTORELEASING = YES;
				CLANG_WARN_BOOL_CONVERSION = YES;
				CLANG_WARN_COMMA = YES;
				CLANG_WARN_CONSTANT_CONVERSION = YES;
				CLANG_WARN_DIRECT_OBJC_ISA_USAGE = YES_ERROR;
				CLANG_WARN_DOCUMENTATION_COMMENTS = YES;
				CLANG_WARN_EMPTY_BODY = YES;
				CLANG_WARN_ENUM_CONVERSION = YES;
				CLANG_WARN_INFINITE_RECURSION = YES;
				CLANG_WARN_INT_CONVERSION = YES;
				CLANG_WARN_NON_LITERAL_NULL_CONVERSION = YES;
				CLANG_WARN_OBJC_LITERAL_CONVERSION = YES;
				CLANG_WARN_OBJC_ROOT_CLASS = YES_ERROR;
				CLANG_WARN_RANGE_LOOP_ANALYSIS = YES;
				CLANG_WARN_STRICT_PROTOTYPES = YES;
				CLANG_WARN_SUSPICIOUS_MOVE = YES;
				CLANG_WARN_UNGUARDED_AVAILABILITY = YES_AGGRESSIVE;
				CLANG_WARN_UNREACHABLE_CODE = YES;
				CLANG_WARN__DUPLICATE_METHOD_MATCH = YES;
				CODE_SIGN_IDENTITY = "iPhone Developer";
				COPY_PHASE_STRIP = NO;
				DEBUG_INFORMATION_FORMAT = dwarf;
				ENABLE_STRICT_OBJC_MSGSEND = YES;
				ENABLE_TESTABILITY = YES;
				GCC_C_LANGUAGE_STANDARD = gnu11;
				GCC_DYNAMIC_NO_PIC = NO;
				GCC_NO_COMMON_BLOCKS = YES;
				GCC_OPTIMIZATION_LEVEL = 0;
				GCC_PREPROCESSOR_DEFINITIONS = (
					"DEBUG=1",
					"$(inherited)",
				);
				GCC_WARN_64_TO_32_BIT_CONVERSION = YES;
				GCC_WARN_ABOUT_RETURN_TYPE = YES_ERROR;
				GCC_WARN_UNDECLARED_SELECTOR = YES;
				GCC_WARN_UNINITIALIZED_AUTOS = YES_AGGRESSIVE;
				GCC_WARN_UNUSED_FUNCTION = YES;
				GCC_WARN_UNUSED_VARIABLE = YES;
				IPHONEOS_DEPLOYMENT_TARGET = 11.2;
				MTL_ENABLE_DEBUG_INFO = YES;
				ONLY_ACTIVE_ARCH = YES;
				SDKROOT = iphoneos;
				SWIFT_ACTIVE_COMPILATION_CONDITIONS = DEBUG;
				SWIFT_OPTIMIZATION_LEVEL = "-Onone";
			};
			name = Debug;
		};
		E98EF552200B7DFA00EFC13D /* Release */ = {
			isa = XCBuildConfiguration;
			buildSettings = {
				ALWAYS_SEARCH_USER_PATHS = NO;
				CLANG_ANALYZER_NONNULL = YES;
				CLANG_ANALYZER_NUMBER_OBJECT_CONVERSION = YES_AGGRESSIVE;
				CLANG_CXX_LANGUAGE_STANDARD = "gnu++14";
				CLANG_CXX_LIBRARY = "libc++";
				CLANG_ENABLE_MODULES = YES;
				CLANG_ENABLE_OBJC_ARC = YES;
				CLANG_WARN_BLOCK_CAPTURE_AUTORELEASING = YES;
				CLANG_WARN_BOOL_CONVERSION = YES;
				CLANG_WARN_COMMA = YES;
				CLANG_WARN_CONSTANT_CONVERSION = YES;
				CLANG_WARN_DIRECT_OBJC_ISA_USAGE = YES_ERROR;
				CLANG_WARN_DOCUMENTATION_COMMENTS = YES;
				CLANG_WARN_EMPTY_BODY = YES;
				CLANG_WARN_ENUM_CONVERSION = YES;
				CLANG_WARN_INFINITE_RECURSION = YES;
				CLANG_WARN_INT_CONVERSION = YES;
				CLANG_WARN_NON_LITERAL_NULL_CONVERSION = YES;
				CLANG_WARN_OBJC_LITERAL_CONVERSION = YES;
				CLANG_WARN_OBJC_ROOT_CLASS = YES_ERROR;
				CLANG_WARN_RANGE_LOOP_ANALYSIS = YES;
				CLANG_WARN_STRICT_PROTOTYPES = YES;
				CLANG_WARN_SUSPICIOUS_MOVE = YES;
				CLANG_WARN_UNGUARDED_AVAILABILITY = YES_AGGRESSIVE;
				CLANG_WARN_UNREACHABLE_CODE = YES;
				CLANG_WARN__DUPLICATE_METHOD_MATCH = YES;
				CODE_SIGN_IDENTITY = "iPhone Developer";
				COPY_PHASE_STRIP = NO;
				DEBUG_INFORMATION_FORMAT = "dwarf-with-dsym";
				ENABLE_NS_ASSERTIONS = NO;
				ENABLE_STRICT_OBJC_MSGSEND = YES;
				GCC_C_LANGUAGE_STANDARD = gnu11;
				GCC_NO_COMMON_BLOCKS = YES;
				GCC_WARN_64_TO_32_BIT_CONVERSION = YES;
				GCC_WARN_ABOUT_RETURN_TYPE = YES_ERROR;
				GCC_WARN_UNDECLARED_SELECTOR = YES;
				GCC_WARN_UNINITIALIZED_AUTOS = YES_AGGRESSIVE;
				GCC_WARN_UNUSED_FUNCTION = YES;
				GCC_WARN_UNUSED_VARIABLE = YES;
				IPHONEOS_DEPLOYMENT_TARGET = 11.2;
				MTL_ENABLE_DEBUG_INFO = NO;
				SDKROOT = iphoneos;
				SWIFT_OPTIMIZATION_LEVEL = "-Owholemodule";
				VALIDATE_PRODUCT = YES;
			};
			name = Release;
		};
		E98EF554200B7DFA00EFC13D /* Debug */ = {
			isa = XCBuildConfiguration;
			baseConfigurationReference = 15C0643257352DF297C88210 /* Pods-SDS-iOS-APP.debug.xcconfig */;
			buildSettings = {
				ASSETCATALOG_COMPILER_APPICON_NAME = AppIcon;
				CODE_SIGN_STYLE = Automatic;
				DEVELOPMENT_TEAM = 8D69TY9Z9L;
				FRAMEWORK_SEARCH_PATHS = (
					"$(inherited)",
					"$(PROJECT_DIR)/Carthage/Build/iOS",
				);
				INFOPLIST_FILE = "SDS-iOS-APP/Info.plist";
				LD_RUNPATH_SEARCH_PATHS = "$(inherited) @executable_path/Frameworks";
				PRODUCT_BUNDLE_IDENTIFIER = "ishikawa.SDS-iOS-APP";
				PRODUCT_NAME = "$(TARGET_NAME)";
				SWIFT_OBJC_BRIDGING_HEADER = "$(SRCROOT)/$(PROJECT)/ProjectOxfordFace-Bridging-Header.h";
				SWIFT_VERSION = 4.0;
				TARGETED_DEVICE_FAMILY = "1,2";
			};
			name = Debug;
		};
		E98EF555200B7DFA00EFC13D /* Release */ = {
			isa = XCBuildConfiguration;
			baseConfigurationReference = BCA75849903A94822C80724A /* Pods-SDS-iOS-APP.release.xcconfig */;
			buildSettings = {
				ASSETCATALOG_COMPILER_APPICON_NAME = AppIcon;
				CODE_SIGN_STYLE = Automatic;
				DEVELOPMENT_TEAM = 8D69TY9Z9L;
				FRAMEWORK_SEARCH_PATHS = (
					"$(inherited)",
					"$(PROJECT_DIR)/Carthage/Build/iOS",
				);
				INFOPLIST_FILE = "SDS-iOS-APP/Info.plist";
				LD_RUNPATH_SEARCH_PATHS = "$(inherited) @executable_path/Frameworks";
				PRODUCT_BUNDLE_IDENTIFIER = "ishikawa.SDS-iOS-APP";
				PRODUCT_NAME = "$(TARGET_NAME)";
				SWIFT_OBJC_BRIDGING_HEADER = "$(SRCROOT)/$(PROJECT)/ProjectOxfordFace-Bridging-Header.h";
				SWIFT_VERSION = 4.0;
				TARGETED_DEVICE_FAMILY = "1,2";
			};
			name = Release;
		};
		E98EF557200B7DFA00EFC13D /* Debug */ = {
			isa = XCBuildConfiguration;
			baseConfigurationReference = 552873C7F946487DC70EE135 /* Pods-SDS-iOS-APPTests.debug.xcconfig */;
			buildSettings = {
				ALWAYS_EMBED_SWIFT_STANDARD_LIBRARIES = YES;
				BUNDLE_LOADER = "$(TEST_HOST)";
				CODE_SIGN_STYLE = Automatic;
				DEVELOPMENT_TEAM = 8D69TY9Z9L;
				INFOPLIST_FILE = "SDS-iOS-APPTests/Info.plist";
				LD_RUNPATH_SEARCH_PATHS = "$(inherited) @executable_path/Frameworks @loader_path/Frameworks";
				PRODUCT_BUNDLE_IDENTIFIER = "ishikawa.SDS-iOS-APPTests";
				PRODUCT_NAME = "$(TARGET_NAME)";
				SWIFT_VERSION = 4.0;
				TARGETED_DEVICE_FAMILY = "1,2";
				TEST_HOST = "$(BUILT_PRODUCTS_DIR)/SDS-iOS-APP.app/SDS-iOS-APP";
			};
			name = Debug;
		};
		E98EF558200B7DFA00EFC13D /* Release */ = {
			isa = XCBuildConfiguration;
			baseConfigurationReference = 9F9F7B1092C32B572D6F8BAF /* Pods-SDS-iOS-APPTests.release.xcconfig */;
			buildSettings = {
				ALWAYS_EMBED_SWIFT_STANDARD_LIBRARIES = YES;
				BUNDLE_LOADER = "$(TEST_HOST)";
				CODE_SIGN_STYLE = Automatic;
				DEVELOPMENT_TEAM = 8D69TY9Z9L;
				INFOPLIST_FILE = "SDS-iOS-APPTests/Info.plist";
				LD_RUNPATH_SEARCH_PATHS = "$(inherited) @executable_path/Frameworks @loader_path/Frameworks";
				PRODUCT_BUNDLE_IDENTIFIER = "ishikawa.SDS-iOS-APPTests";
				PRODUCT_NAME = "$(TARGET_NAME)";
				SWIFT_VERSION = 4.0;
				TARGETED_DEVICE_FAMILY = "1,2";
				TEST_HOST = "$(BUILT_PRODUCTS_DIR)/SDS-iOS-APP.app/SDS-iOS-APP";
			};
			name = Release;
		};
/* End XCBuildConfiguration section */

/* Begin XCConfigurationList section */
		E98EF531200B7DFA00EFC13D /* Build configuration list for PBXProject "SDS-iOS-APP" */ = {
			isa = XCConfigurationList;
			buildConfigurations = (
				E98EF551200B7DFA00EFC13D /* Debug */,
				E98EF552200B7DFA00EFC13D /* Release */,
			);
			defaultConfigurationIsVisible = 0;
			defaultConfigurationName = Release;
		};
		E98EF553200B7DFA00EFC13D /* Build configuration list for PBXNativeTarget "SDS-iOS-APP" */ = {
			isa = XCConfigurationList;
			buildConfigurations = (
				E98EF554200B7DFA00EFC13D /* Debug */,
				E98EF555200B7DFA00EFC13D /* Release */,
			);
			defaultConfigurationIsVisible = 0;
			defaultConfigurationName = Release;
		};
		E98EF556200B7DFA00EFC13D /* Build configuration list for PBXNativeTarget "SDS-iOS-APPTests" */ = {
			isa = XCConfigurationList;
			buildConfigurations = (
				E98EF557200B7DFA00EFC13D /* Debug */,
				E98EF558200B7DFA00EFC13D /* Release */,
			);
			defaultConfigurationIsVisible = 0;
			defaultConfigurationName = Release;
		};
/* End XCConfigurationList section */
	};
	rootObject = E98EF52E200B7DFA00EFC13D /* Project object */;
}
